
Microsoft Visual Studio Solution File, Format Version 12.00
# Visual Studio Version 17
VisualStudioVersion = 17.5.002.0
MinimumVisualStudioVersion = 10.0.40219.1
Project("{9A19103F-16F7-4668-BE54-9A1E7A4F7556}") = "TooLongToRead", "TooLongToRead.csproj", "{6DCE577D-3F6F-4D58-99BA-EF8BD321BE82}"
EndProject
Global
	GlobalSection(SolutionConfigurationPlatforms) = preSolution
		Debug|Any CPU = Debug|Any CPU
		Release|Any CPU = Release|Any CPU
	EndGlobalSection
	GlobalSection(ProjectConfigurationPlatforms) = postSolution
		{6DCE577D-3F6F-4D58-99BA-EF8BD321BE82}.Debug|Any CPU.ActiveCfg = Debug|Any CPU
		{6DCE577D-3F6F-4D58-99BA-EF8BD321BE82}.Debug|Any CPU.Build.0 = Debug|Any CPU
		{6DCE577D-3F6F-4D58-99BA-EF8BD321BE82}.Release|Any CPU.ActiveCfg = Release|Any CPU
		{6DCE577D-3F6F-4D58-99BA-EF8BD321BE82}.Release|Any CPU.Build.0 = Release|Any CPU
	EndGlobalSection
	GlobalSection(SolutionProperties) = preSolution
		HideSolutionNode = FALSE
	EndGlobalSection
	GlobalSection(ExtensibilityGlobals) = postSolution
		SolutionGuid = {A32C12C6-A9E6-4F5C-974D-7A37CAF22CAC}
	EndGlobalSection
EndGlobal
